
Microsoft Visual Studio Solution File, Format Version 12.00
# Visual Studio Version 17
VisualStudioVersion = 17.0.31903.59
MinimumVisualStudioVersion = 10.0.40219.1
Project("{2150E333-8FDC-42A3-9474-1A3956D46DE8}") = "src", "src", "{827E0CD3-B72D-47B6-A68D-7590B98EB39B}"
EndProject
Project("{FAE04EC0-301F-11D3-BF4B-00C04F79EFBC}") = "SystemAnalyzer.Core", "src\SystemAnalyzer.Core\SystemAnalyzer.Core.csproj", "{2571FC4F-5BA2-435C-99A8-851F8B2AAAB7}"
EndProject
Project("{FAE04EC0-301F-11D3-BF4B-00C04F79EFBC}") = "SystemAnalyzer.Web", "src\SystemAnalyzer.Web\SystemAnalyzer.Web.csproj", "{E19552B3-A4C4-45A8-BBED-0831000F513C}"
EndProject
Project("{FAE04EC0-301F-11D3-BF4B-00C04F79EFBC}") = "DedgeAuth.Client", "..\DedgeAuth\src\DedgeAuth.Client\DedgeAuth.Client.csproj", "{2467A1A3-F326-4F54-A23B-6C0045BF1432}"
EndProject
Project("{FAE04EC0-301F-11D3-BF4B-00C04F79EFBC}") = "DedgeAuth.Core", "..\DedgeAuth\src\DedgeAuth.Core\DedgeAuth.Core.csproj", "{698FCA8C-204F-4767-97DA-4B563C12F1A3}"
EndProject
Project("{FAE04EC0-301F-11D3-BF4B-00C04F79EFBC}") = "SystemAnalyzer.Batch", "src\SystemAnalyzer.Batch\SystemAnalyzer.Batch.csproj", "{C8961BDB-797D-47DF-9891-2E5CAEBE7812}"
EndProject
Global
	GlobalSection(SolutionConfigurationPlatforms) = preSolution
		Debug|Any CPU = Debug|Any CPU
		Debug|x64 = Debug|x64
		Debug|x86 = Debug|x86
		Release|Any CPU = Release|Any CPU
		Release|x64 = Release|x64
		Release|x86 = Release|x86
	EndGlobalSection
	GlobalSection(ProjectConfigurationPlatforms) = postSolution
		{2571FC4F-5BA2-435C-99A8-851F8B2AAAB7}.Debug|Any CPU.ActiveCfg = Debug|Any CPU
		{2571FC4F-5BA2-435C-99A8-851F8B2AAAB7}.Debug|Any CPU.Build.0 = Debug|Any CPU
		{2571FC4F-5BA2-435C-99A8-851F8B2AAAB7}.Debug|x64.ActiveCfg = Debug|Any CPU
		{2571FC4F-5BA2-435C-99A8-851F8B2AAAB7}.Debug|x64.Build.0 = Debug|Any CPU
		{2571FC4F-5BA2-435C-99A8-851F8B2AAAB7}.Debug|x86.ActiveCfg = Debug|Any CPU
		{2571FC4F-5BA2-435C-99A8-851F8B2AAAB7}.Debug|x86.Build.0 = Debug|Any CPU
		{2571FC4F-5BA2-435C-99A8-851F8B2AAAB7}.Release|Any CPU.ActiveCfg = Release|Any CPU
		{2571FC4F-5BA2-435C-99A8-851F8B2AAAB7}.Release|Any CPU.Build.0 = Release|Any CPU
		{2571FC4F-5BA2-435C-99A8-851F8B2AAAB7}.Release|x64.ActiveCfg = Release|Any CPU
		{2571FC4F-5BA2-435C-99A8-851F8B2AAAB7}.Release|x64.Build.0 = Release|Any CPU
		{2571FC4F-5BA2-435C-99A8-851F8B2AAAB7}.Release|x86.ActiveCfg = Release|Any CPU
		{2571FC4F-5BA2-435C-99A8-851F8B2AAAB7}.Release|x86.Build.0 = Release|Any CPU
		{E19552B3-A4C4-45A8-BBED-0831000F513C}.Debug|Any CPU.ActiveCfg = Debug|Any CPU
		{E19552B3-A4C4-45A8-BBED-0831000F513C}.Debug|Any CPU.Build.0 = Debug|Any CPU
		{E19552B3-A4C4-45A8-BBED-0831000F513C}.Debug|x64.ActiveCfg = Debug|Any CPU
		{E19552B3-A4C4-45A8-BBED-0831000F513C}.Debug|x64.Build.0 = Debug|Any CPU
		{E19552B3-A4C4-45A8-BBED-0831000F513C}.Debug|x86.ActiveCfg = Debug|Any CPU
		{E19552B3-A4C4-45A8-BBED-0831000F513C}.Debug|x86.Build.0 = Debug|Any CPU
		{E19552B3-A4C4-45A8-BBED-0831000F513C}.Release|Any CPU.ActiveCfg = Release|Any CPU
		{E19552B3-A4C4-45A8-BBED-0831000F513C}.Release|Any CPU.Build.0 = Release|Any CPU
		{E19552B3-A4C4-45A8-BBED-0831000F513C}.Release|x64.ActiveCfg = Release|Any CPU
		{E19552B3-A4C4-45A8-BBED-0831000F513C}.Release|x64.Build.0 = Release|Any CPU
		{E19552B3-A4C4-45A8-BBED-0831000F513C}.Release|x86.ActiveCfg = Release|Any CPU
		{E19552B3-A4C4-45A8-BBED-0831000F513C}.Release|x86.Build.0 = Release|Any CPU
		{2467A1A3-F326-4F54-A23B-6C0045BF1432}.Debug|Any CPU.ActiveCfg = Debug|Any CPU
		{2467A1A3-F326-4F54-A23B-6C0045BF1432}.Debug|Any CPU.Build.0 = Debug|Any CPU
		{2467A1A3-F326-4F54-A23B-6C0045BF1432}.Debug|x64.ActiveCfg = Debug|Any CPU
		{2467A1A3-F326-4F54-A23B-6C0045BF1432}.Debug|x64.Build.0 = Debug|Any CPU
		{2467A1A3-F326-4F54-A23B-6C0045BF1432}.Debug|x86.ActiveCfg = Debug|Any CPU
		{2467A1A3-F326-4F54-A23B-6C0045BF1432}.Debug|x86.Build.0 = Debug|Any CPU
		{2467A1A3-F326-4F54-A23B-6C0045BF1432}.Release|Any CPU.ActiveCfg = Release|Any CPU
		{2467A1A3-F326-4F54-A23B-6C0045BF1432}.Release|Any CPU.Build.0 = Release|Any CPU
		{2467A1A3-F326-4F54-A23B-6C0045BF1432}.Release|x64.ActiveCfg = Release|Any CPU
		{2467A1A3-F326-4F54-A23B-6C0045BF1432}.Release|x64.Build.0 = Release|Any CPU
		{2467A1A3-F326-4F54-A23B-6C0045BF1432}.Release|x86.ActiveCfg = Release|Any CPU
		{2467A1A3-F326-4F54-A23B-6C0045BF1432}.Release|x86.Build.0 = Release|Any CPU
		{698FCA8C-204F-4767-97DA-4B563C12F1A3}.Debug|Any CPU.ActiveCfg = Debug|Any CPU
		{698FCA8C-204F-4767-97DA-4B563C12F1A3}.Debug|Any CPU.Build.0 = Debug|Any CPU
		{698FCA8C-204F-4767-97DA-4B563C12F1A3}.Debug|x64.ActiveCfg = Debug|Any CPU
		{698FCA8C-204F-4767-97DA-4B563C12F1A3}.Debug|x64.Build.0 = Debug|Any CPU
		{698FCA8C-204F-4767-97DA-4B563C12F1A3}.Debug|x86.ActiveCfg = Debug|Any CPU
		{698FCA8C-204F-4767-97DA-4B563C12F1A3}.Debug|x86.Build.0 = Debug|Any CPU
		{698FCA8C-204F-4767-97DA-4B563C12F1A3}.Release|Any CPU.ActiveCfg = Release|Any CPU
		{698FCA8C-204F-4767-97DA-4B563C12F1A3}.Release|Any CPU.Build.0 = Release|Any CPU
		{698FCA8C-204F-4767-97DA-4B563C12F1A3}.Release|x64.ActiveCfg = Release|Any CPU
		{698FCA8C-204F-4767-97DA-4B563C12F1A3}.Release|x64.Build.0 = Release|Any CPU
		{698FCA8C-204F-4767-97DA-4B563C12F1A3}.Release|x86.ActiveCfg = Release|Any CPU
		{698FCA8C-204F-4767-97DA-4B563C12F1A3}.Release|x86.Build.0 = Release|Any CPU
		{C8961BDB-797D-47DF-9891-2E5CAEBE7812}.Debug|Any CPU.ActiveCfg = Debug|Any CPU
		{C8961BDB-797D-47DF-9891-2E5CAEBE7812}.Debug|Any CPU.Build.0 = Debug|Any CPU
		{C8961BDB-797D-47DF-9891-2E5CAEBE7812}.Debug|x64.ActiveCfg = Debug|Any CPU
		{C8961BDB-797D-47DF-9891-2E5CAEBE7812}.Debug|x64.Build.0 = Debug|Any CPU
		{C8961BDB-797D-47DF-9891-2E5CAEBE7812}.Debug|x86.ActiveCfg = Debug|Any CPU
		{C8961BDB-797D-47DF-9891-2E5CAEBE7812}.Debug|x86.Build.0 = Debug|Any CPU
		{C8961BDB-797D-47DF-9891-2E5CAEBE7812}.Release|Any CPU.ActiveCfg = Release|Any CPU
		{C8961BDB-797D-47DF-9891-2E5CAEBE7812}.Release|Any CPU.Build.0 = Release|Any CPU
		{C8961BDB-797D-47DF-9891-2E5CAEBE7812}.Release|x64.ActiveCfg = Release|Any CPU
		{C8961BDB-797D-47DF-9891-2E5CAEBE7812}.Release|x64.Build.0 = Release|Any CPU
		{C8961BDB-797D-47DF-9891-2E5CAEBE7812}.Release|x86.ActiveCfg = Release|Any CPU
		{C8961BDB-797D-47DF-9891-2E5CAEBE7812}.Release|x86.Build.0 = Release|Any CPU
	EndGlobalSection
	GlobalSection(SolutionProperties) = preSolution
		HideSolutionNode = FALSE
	EndGlobalSection
	GlobalSection(NestedProjects) = preSolution
		{2571FC4F-5BA2-435C-99A8-851F8B2AAAB7} = {827E0CD3-B72D-47B6-A68D-7590B98EB39B}
		{E19552B3-A4C4-45A8-BBED-0831000F513C} = {827E0CD3-B72D-47B6-A68D-7590B98EB39B}
		{C8961BDB-797D-47DF-9891-2E5CAEBE7812} = {827E0CD3-B72D-47B6-A68D-7590B98EB39B}
	EndGlobalSection
EndGlobal
