{
  "version": 1,
  "dependencies": {
    "net9.0-windows10.0.26100": {
      "Newtonsoft.Json": {
        "type": "Direct",
        "requested": "[13.0.3, )",
        "resolved": "13.0.3",
        "contentHash": "HrC5BXdl00IP9zeV+0Z848QWPAoCr9P3bDEZguI+gkLcBKAOxix/tLEAAHC+UvDNPv4a2d18lOReHMOagPa+zQ=="
      },
      "NLog": {
        "type": "Direct",
        "requested": "[5.4.0, )",
        "resolved": "5.4.0",
        "contentHash": "LwMcGSW3soF3/SL68rlJN3Eh3ktrAPycC3zZR/07OYBPraZUu0bygEC7kIN10lUQgMXT4s84Fi1chglGdGrQEg=="
      },
      "System.Security.Cryptography.ProtectedData": {
        "type": "Direct",
        "requested": "[10.0.0-preview.1.25080.5, )",
        "resolved": "10.0.0-preview.1.25080.5",
        "contentHash": "3PKCdPA51DgDsSwjwyLUpQQrjqkAz0Z1cLrm46dcDoXSYyF2k5XEcQn8Xj4gMl2Qu8+f+1aDc4J7HXBuLvjIAg=="
      }
    },
    "net9.0-windows10.0.26100/win-x64": {}
  }
}