Microsoft Visual Studio Solution File, Format Version 12.00
# Visual Studio Version 17
VisualStudioVersion = 17.0.31903.59
MinimumVisualStudioVersion = 10.0.40219.1
Project("{9A19103F-16F7-4668-BE54-9A1E7A4F7556}") = "GenericLogHandler.Core", "src\GenericLogHandler.Core\GenericLogHandler.Core.csproj", "{A1B2C3D4-E5F6-7890-1234-567890ABCDEF}"
EndProject
Project("{9A19103F-16F7-4668-BE54-9A1E7A4F7556}") = "GenericLogHandler.Data", "src\GenericLogHandler.Data\GenericLogHandler.Data.csproj", "{691445F1-47E4-4196-8A0C-3AAE64DAC4BE}"
EndProject
Project("{9A19103F-16F7-4668-BE54-9A1E7A4F7556}") = "GenericLogHandler.ImportService", "src\GenericLogHandler.ImportService\GenericLogHandler.ImportService.csproj", "{2F28F6F8-E774-40C8-82AF-A48AEDBA689C}"
EndProject
Project("{9A19103F-16F7-4668-BE54-9A1E7A4F7556}") = "GenericLogHandler.WebApi", "src\GenericLogHandler.WebApi\GenericLogHandler.WebApi.csproj", "{ABA78A6B-80F8-4EEC-A050-65913F663C73}"
EndProject
Project("{9A19103F-16F7-4668-BE54-9A1E7A4F7556}") = "GenericLogHandler.AlertAgent", "src\GenericLogHandler.AlertAgent\GenericLogHandler.AlertAgent.csproj", "{3A39F7F9-E875-41C9-83B0-B49BEFBA690D}"
EndProject
Project("{2150E333-8FDC-42A3-9474-1A3956D46DE8}") = "src", "src", "{DADEAD5C-5FD5-498F-A405-135FBF6DB128}"
EndProject
Project("{2150E333-8FDC-42A3-9474-1A3956D46DE8}") = "scripts", "scripts", "{4F946EAD-8A30-4EDF-A6CF-38F1B72AAB02}"
EndProject
Global
	GlobalSection(SolutionConfigurationPlatforms) = preSolution
		Debug|Any CPU = Debug|Any CPU
		Release|Any CPU = Release|Any CPU
	EndGlobalSection
	GlobalSection(ProjectConfigurationPlatforms) = postSolution
		{A1B2C3D4-E5F6-7890-1234-567890ABCDEF}.Debug|Any CPU.ActiveCfg = Debug|Any CPU
		{A1B2C3D4-E5F6-7890-1234-567890ABCDEF}.Debug|Any CPU.Build.0 = Debug|Any CPU
		{A1B2C3D4-E5F6-7890-1234-567890ABCDEF}.Release|Any CPU.ActiveCfg = Release|Any CPU
		{A1B2C3D4-E5F6-7890-1234-567890ABCDEF}.Release|Any CPU.Build.0 = Release|Any CPU
		{691445F1-47E4-4196-8A0C-3AAE64DAC4BE}.Debug|Any CPU.ActiveCfg = Debug|Any CPU
		{691445F1-47E4-4196-8A0C-3AAE64DAC4BE}.Debug|Any CPU.Build.0 = Debug|Any CPU
		{691445F1-47E4-4196-8A0C-3AAE64DAC4BE}.Release|Any CPU.ActiveCfg = Release|Any CPU
		{691445F1-47E4-4196-8A0C-3AAE64DAC4BE}.Release|Any CPU.Build.0 = Release|Any CPU
		{2F28F6F8-E774-40C8-82AF-A48AEDBA689C}.Debug|Any CPU.ActiveCfg = Debug|Any CPU
		{2F28F6F8-E774-40C8-82AF-A48AEDBA689C}.Debug|Any CPU.Build.0 = Debug|Any CPU
		{2F28F6F8-E774-40C8-82AF-A48AEDBA689C}.Release|Any CPU.ActiveCfg = Release|Any CPU
		{2F28F6F8-E774-40C8-82AF-A48AEDBA689C}.Release|Any CPU.Build.0 = Release|Any CPU
		{ABA78A6B-80F8-4EEC-A050-65913F663C73}.Debug|Any CPU.ActiveCfg = Debug|Any CPU
		{ABA78A6B-80F8-4EEC-A050-65913F663C73}.Debug|Any CPU.Build.0 = Debug|Any CPU
		{ABA78A6B-80F8-4EEC-A050-65913F663C73}.Release|Any CPU.ActiveCfg = Release|Any CPU
		{ABA78A6B-80F8-4EEC-A050-65913F663C73}.Release|Any CPU.Build.0 = Release|Any CPU
		{3A39F7F9-E875-41C9-83B0-B49BEFBA690D}.Debug|Any CPU.ActiveCfg = Debug|Any CPU
		{3A39F7F9-E875-41C9-83B0-B49BEFBA690D}.Debug|Any CPU.Build.0 = Debug|Any CPU
		{3A39F7F9-E875-41C9-83B0-B49BEFBA690D}.Release|Any CPU.ActiveCfg = Release|Any CPU
		{3A39F7F9-E875-41C9-83B0-B49BEFBA690D}.Release|Any CPU.Build.0 = Release|Any CPU
	EndGlobalSection
	GlobalSection(SolutionProperties) = preSolution
		HideSolutionNode = FALSE
	EndGlobalSection
	GlobalSection(ExtensibilityGlobals) = postSolution
		SolutionGuid = {12345678-1234-1234-1234-123456789ABC}
	EndGlobalSection
EndGlobal
