<Solution>
  <Project Path="AutoDocJson.Core/AutoDocJson.Core.csproj" />
  <Project Path="AutoDocJson.Models/AutoDocJson.Models.csproj" />
  <Project Path="AutoDocJson.Parsers/AutoDocJson.Parsers.csproj" />
  <Project Path="AutoDocJson.Tests/AutoDocJson.Tests.csproj" />
  <Project Path="AutoDocJson/AutoDocJson.csproj" />
  <Project Path="AutoDocJson.Web/AutoDocJson.Web.csproj" />
</Solution>
