Microsoft Visual Studio Solution File, Format Version 12.00
# Visual Studio Version 17
VisualStudioVersion = 17.8.34525.116
MinimumVisualStudioVersion = 10.0.40219.1
Project("{9A19103F-16F7-4668-BE54-9A1E7A4F7556}") = "DedgeRemoteConnect", "DedgeRemoteConnect\DedgeRemoteConnect.csproj", "{4F8028D5-04F3-E92C-F212-02289192A855}"
EndProject
Global
	GlobalSection(SolutionConfigurationPlatforms) = preSolution
		Debug|x64 = Debug|x64
		DebugWithInstaller|x64 = DebugWithInstaller|x64
		Release|x64 = Release|x64
	EndGlobalSection
	GlobalSection(ProjectConfigurationPlatforms) = postSolution
		{4F8028D5-04F3-E92C-F212-02289192A855}.Debug|x64.ActiveCfg = Debug|x64
		{4F8028D5-04F3-E92C-F212-02289192A855}.Debug|x64.Build.0 = Debug|x64
		{4F8028D5-04F3-E92C-F212-02289192A855}.DebugWithInstaller|x64.ActiveCfg = Debug|x64
		{4F8028D5-04F3-E92C-F212-02289192A855}.DebugWithInstaller|x64.Build.0 = Debug|x64
		{4F8028D5-04F3-E92C-F212-02289192A855}.Release|x64.ActiveCfg = Release|x64
		{4F8028D5-04F3-E92C-F212-02289192A855}.Release|x64.Build.0 = Release|x64
	EndGlobalSection
	GlobalSection(SolutionProperties) = preSolution
		HideSolutionNode = FALSE
	EndGlobalSection
	GlobalSection(ExtensibilityGlobals) = postSolution
		SolutionGuid = {D2A2A8C5-0D5F-4CD8-9BA5-5BAE6E4F9F4C}
	EndGlobalSection
EndGlobal
